
Microsoft Visual Studio Solution File, Format Version 12.00
# Visual Studio Version 17
VisualStudioVersion = 17.2.32630.192
MinimumVisualStudioVersion = 10.0.40219.1
Project("{9A19103F-16F7-4668-BE54-9A1E7A4F7556}") = "WebApi", "WebApi.csproj", "{837C9AD7-96F8-4452-BEAA-CE3634EC0DAF}"
EndProject
Project("{FAE04EC0-301F-11D3-BF4B-00C04F79EFBC}") = "WebApp", "..\WebApp\WebApp.csproj", "{7F8AC657-4C41-4A67-AC6E-873AC5327473}"
EndProject
Global
	GlobalSection(SolutionConfigurationPlatforms) = preSolution
		Debug|Any CPU = Debug|Any CPU
		Release|Any CPU = Release|Any CPU
	EndGlobalSection
	GlobalSection(ProjectConfigurationPlatforms) = postSolution
		{837C9AD7-96F8-4452-BEAA-CE3634EC0DAF}.Debug|Any CPU.ActiveCfg = Debug|Any CPU
		{837C9AD7-96F8-4452-BEAA-CE3634EC0DAF}.Debug|Any CPU.Build.0 = Debug|Any CPU
		{837C9AD7-96F8-4452-BEAA-CE3634EC0DAF}.Release|Any CPU.ActiveCfg = Release|Any CPU
		{837C9AD7-96F8-4452-BEAA-CE3634EC0DAF}.Release|Any CPU.Build.0 = Release|Any CPU
		{7F8AC657-4C41-4A67-AC6E-873AC5327473}.Debug|Any CPU.ActiveCfg = Debug|Any CPU
		{7F8AC657-4C41-4A67-AC6E-873AC5327473}.Debug|Any CPU.Build.0 = Debug|Any CPU
		{7F8AC657-4C41-4A67-AC6E-873AC5327473}.Release|Any CPU.ActiveCfg = Release|Any CPU
		{7F8AC657-4C41-4A67-AC6E-873AC5327473}.Release|Any CPU.Build.0 = Release|Any CPU
	EndGlobalSection
	GlobalSection(SolutionProperties) = preSolution
		HideSolutionNode = FALSE
	EndGlobalSection
	GlobalSection(ExtensibilityGlobals) = postSolution
		SolutionGuid = {B9463599-76EE-47C4-855C-28B83E5C12EA}
	EndGlobalSection
EndGlobal
